// !$*UTF8*$!
{
	archiveVersion = 1;
	classes = {
	};
	objectVersion = 48;
	objects = {

/* Begin PBXBuildFile section */
		76FB9419204F0AD200FD95C8 /* AppDelegate.swift in Sources */ = {isa = PBXBuildFile; fileRef = 76FB9418204F0AD200FD95C8 /* AppDelegate.swift */; };
		76FB941B204F0AD200FD95C8 /* ViewController.swift in Sources */ = {isa = PBXBuildFile; fileRef = 76FB941A204F0AD200FD95C8 /* ViewController.swift */; };
		76FB941E204F0AD200FD95C8 /* Main.storyboard in Resources */ = {isa = PBXBuildFile; fileRef = 76FB941C204F0AD200FD95C8 /* Main.storyboard */; };
		76FB9420204F0AD200FD95C8 /* Assets.xcassets in Resources */ = {isa = PBXBuildFile; fileRef = 76FB941F204F0AD200FD95C8 /* Assets.xcassets */; };
		76FB9423204F0AD200FD95C8 /* LaunchScreen.storyboard in Resources */ = {isa = PBXBuildFile; fileRef = 76FB9421204F0AD200FD95C8 /* LaunchScreen.storyboard */; };
		76FB942E204F0AD200FD95C8 /* TodoAppEntTests.swift in Sources */ = {isa = PBXBuildFile; fileRef = 76FB942D204F0AD200FD95C8 /* TodoAppEntTests.swift */; };
		76FB9439204F0AD200FD95C8 /* TodoAppEntUITests.swift in Sources */ = {isa = PBXBuildFile; fileRef = 76FB9438204F0AD200FD95C8 /* TodoAppEntUITests.swift */; };
/* End PBXBuildFile section */

/* Begin PBXContainerItemProxy section */
		76FB942A204F0AD200FD95C8 /* PBXContainerItemProxy */ = {
			isa = PBXContainerItemProxy;
			containerPortal = 76FB940D204F0AD100FD95C8 /* Project object */;
			proxyType = 1;
			remoteGlobalIDString = 76FB9414204F0AD100FD95C8;
			remoteInfo = TodoAppEnt;
		};
		76FB9435204F0AD200FD95C8 /* PBXContainerItemProxy */ = {
			isa = PBXContainerItemProxy;
			containerPortal = 76FB940D204F0AD100FD95C8 /* Project object */;
			proxyType = 1;
			remoteGlobalIDString = 76FB9414204F0AD100FD95C8;
			remoteInfo = TodoAppEnt;
		};
/* End PBXContainerItemProxy section */

/* Begin PBXFileReference section */
		76FB9415204F0AD100FD95C8 /* TodoAppEnt.app */ = {isa = PBXFileReference; explicitFileType = wrapper.application; includeInIndex = 0; path = TodoAppEnt.app; sourceTree = BUILT_PRODUCTS_DIR; };
		76FB9418204F0AD200FD95C8 /* AppDelegate.swift */ = {isa = PBXFileReference; lastKnownFileType = sourcecode.swift; path = AppDelegate.swift; sourceTree = "<group>"; };
		76FB941A204F0AD200FD95C8 /* ViewController.swift */ = {isa = PBXFileReference; lastKnownFileType = sourcecode.swift; path = ViewController.swift; sourceTree = "<group>"; };
		76FB941D204F0AD200FD95C8 /* Base */ = {isa = PBXFileReference; lastKnownFileType = file.storyboard; name = Base; path = Base.lproj/Main.storyboard; sourceTree = "<group>"; };
		76FB941F204F0AD200FD95C8 /* Assets.xcassets */ = {isa = PBXFileReference; lastKnownFileType = folder.assetcatalog; path = Assets.xcassets; sourceTree = "<group>"; };
		76FB9422204F0AD200FD95C8 /* Base */ = {isa = PBXFileReference; lastKnownFileType = file.storyboard; name = Base; path = Base.lproj/LaunchScreen.storyboard; sourceTree = "<group>"; };
		76FB9424204F0AD200FD95C8 /* Info.plist */ = {isa = PBXFileReference; lastKnownFileType = text.plist.xml; path = Info.plist; sourceTree = "<group>"; };
		76FB9429204F0AD200FD95C8 /* TodoAppEntTests.xctest */ = {isa = PBXFileReference; explicitFileType = wrapper.cfbundle; includeInIndex = 0; path = TodoAppEntTests.xctest; sourceTree = BUILT_PRODUCTS_DIR; };
		76FB942D204F0AD200FD95C8 /* TodoAppEntTests.swift */ = {isa = PBXFileReference; lastKnownFileType = sourcecode.swift; path = TodoAppEntTests.swift; sourceTree = "<group>"; };
		76FB942F204F0AD200FD95C8 /* Info.plist */ = {isa = PBXFileReference; lastKnownFileType = text.plist.xml; path = Info.plist; sourceTree = "<group>"; };
		76FB9434204F0AD200FD95C8 /* TodoAppEntUITests.xctest */ = {isa = PBXFileReference; explicitFileType = wrapper.cfbundle; includeInIndex = 0; path = TodoAppEntUITests.xctest; sourceTree = BUILT_PRODUCTS_DIR; };
		76FB9438204F0AD200FD95C8 /* TodoAppEntUITests.swift */ = {isa = PBXFileReference; lastKnownFileType = sourcecode.swift; path = TodoAppEntUITests.swift; sourceTree = "<group>"; };
		76FB943A204F0AD200FD95C8 /* Info.plist */ = {isa = PBXFileReference; lastKnownFileType = text.plist.xml; path = Info.plist; sourceTree = "<group>"; };
/* End PBXFileReference section */

/* Begin PBXFrameworksBuildPhase section */
		76FB9412204F0AD100FD95C8 /* Frameworks */ = {
			isa = PBXFrameworksBuildPhase;
			buildActionMask = 2147483647;
			files = (
			);
			runOnlyForDeploymentPostprocessing = 0;
		};
		76FB9426204F0AD200FD95C8 /* Frameworks */ = {
			isa = PBXFrameworksBuildPhase;
			buildActionMask = 2147483647;
			files = (
			);
			runOnlyForDeploymentPostprocessing = 0;
		};
		76FB9431204F0AD200FD95C8 /* Frameworks */ = {
			isa = PBXFrameworksBuildPhase;
			buildActionMask = 2147483647;
			files = (
			);
			runOnlyForDeploymentPostprocessing = 0;
		};
/* End PBXFrameworksBuildPhase section */

/* Begin PBXGroup section */
		76FB940C204F0AD100FD95C8 = {
			isa = PBXGroup;
			children = (
				76FB9417204F0AD100FD95C8 /* TodoAppEnt */,
				76FB942C204F0AD200FD95C8 /* TodoAppEntTests */,
				76FB9437204F0AD200FD95C8 /* TodoAppEntUITests */,
				76FB9416204F0AD100FD95C8 /* Products */,
			);
			sourceTree = "<group>";
		};
		76FB9416204F0AD100FD95C8 /* Products */ = {
			isa = PBXGroup;
			children = (
				76FB9415204F0AD100FD95C8 /* TodoAppEnt.app */,
				76FB9429204F0AD200FD95C8 /* TodoAppEntTests.xctest */,
				76FB9434204F0AD200FD95C8 /* TodoAppEntUITests.xctest */,
			);
			name = Products;
			sourceTree = "<group>";
		};
		76FB9417204F0AD100FD95C8 /* TodoAppEnt */ = {
			isa = PBXGroup;
			children = (
				76FB9418204F0AD200FD95C8 /* AppDelegate.swift */,
				76FB941A204F0AD200FD95C8 /* ViewController.swift */,
				76FB941C204F0AD200FD95C8 /* Main.storyboard */,
				76FB941F204F0AD200FD95C8 /* Assets.xcassets */,
				76FB9421204F0AD200FD95C8 /* LaunchScreen.storyboard */,
				76FB9424204F0AD200FD95C8 /* Info.plist */,
			);
			path = TodoAppEnt;
			sourceTree = "<group>";
		};
		76FB942C204F0AD200FD95C8 /* TodoAppEntTests */ = {
			isa = PBXGroup;
			children = (
				76FB942D204F0AD200FD95C8 /* TodoAppEntTests.swift */,
				76FB942F204F0AD200FD95C8 /* Info.plist */,
			);
			path = TodoAppEntTests;
			sourceTree = "<group>";
		};
		76FB9437204F0AD200FD95C8 /* TodoAppEntUITests */ = {
			isa = PBXGroup;
			children = (
				76FB9438204F0AD200FD95C8 /* TodoAppEntUITests.swift */,
				76FB943A204F0AD200FD95C8 /* Info.plist */,
			);
			path = TodoAppEntUITests;
			sourceTree = "<group>";
		};
/* End PBXGroup section */

/* Begin PBXNativeTarget section */
		76FB9414204F0AD100FD95C8 /* TodoAppEnt */ = {
			isa = PBXNativeTarget;
			buildConfigurationList = 76FB943D204F0AD200FD95C8 /* Build configuration list for PBXNativeTarget "TodoAppEnt" */;
			buildPhases = (
				76FB9411204F0AD100FD95C8 /* Sources */,
				76FB9412204F0AD100FD95C8 /* Frameworks */,
				76FB9413204F0AD100FD95C8 /* Resources */,
			);
			buildRules = (
			);
			dependencies = (
			);
			name = TodoAppEnt;
			productName = TodoAppEnt;
			productReference = 76FB9415204F0AD100FD95C8 /* TodoAppEnt.app */;
			productType = "com.apple.product-type.application";
		};
		76FB9428204F0AD200FD95C8 /* TodoAppEntTests */ = {
			isa = PBXNativeTarget;
			buildConfigurationList = 76FB9440204F0AD200FD95C8 /* Build configuration list for PBXNativeTarget "TodoAppEntTests" */;
			buildPhases = (
				76FB9425204F0AD200FD95C8 /* Sources */,
				76FB9426204F0AD200FD95C8 /* Frameworks */,
				76FB9427204F0AD200FD95C8 /* Resources */,
			);
			buildRules = (
			);
			dependencies = (
				76FB942B204F0AD200FD95C8 /* PBXTargetDependency */,
			);
			name = TodoAppEntTests;
			productName = TodoAppEntTests;
			productReference = 76FB9429204F0AD200FD95C8 /* TodoAppEntTests.xctest */;
			productType = "com.apple.product-type.bundle.unit-test";
		};
		76FB9433204F0AD200FD95C8 /* TodoAppEntUITests */ = {
			isa = PBXNativeTarget;
			buildConfigurationList = 76FB9443204F0AD200FD95C8 /* Build configuration list for PBXNativeTarget "TodoAppEntUITests" */;
			buildPhases = (
				76FB9430204F0AD200FD95C8 /* Sources */,
				76FB9431204F0AD200FD95C8 /* Frameworks */,
				76FB9432204F0AD200FD95C8 /* Resources */,
			);
			buildRules = (
			);
			dependencies = (
				76FB9436204F0AD200FD95C8 /* PBXTargetDependency */,
			);
			name = TodoAppEntUITests;
			productName = TodoAppEntUITests;
			productReference = 76FB9434204F0AD200FD95C8 /* TodoAppEntUITests.xctest */;
			productType = "com.apple.product-type.bundle.ui-testing";
		};
/* End PBXNativeTarget section */

/* Begin PBXProject section */
		76FB940D204F0AD100FD95C8 /* Project object */ = {
			isa = PBXProject;
			attributes = {
				LastSwiftUpdateCheck = 0920;
				LastUpgradeCheck = 0920;
				ORGANIZATIONNAME = "Michel Anderson Lutz Teixeira";
				TargetAttributes = {
					76FB9414204F0AD100FD95C8 = {
						CreatedOnToolsVersion = 9.2;
						ProvisioningStyle = Automatic;
					};
					76FB9428204F0AD200FD95C8 = {
						CreatedOnToolsVersion = 9.2;
						ProvisioningStyle = Automatic;
						TestTargetID = 76FB9414204F0AD100FD95C8;
					};
					76FB9433204F0AD200FD95C8 = {
						CreatedOnToolsVersion = 9.2;
						ProvisioningStyle = Automatic;
						TestTargetID = 76FB9414204F0AD100FD95C8;
					};
				};
			};
			buildConfigurationList = 76FB9410204F0AD100FD95C8 /* Build configuration list for PBXProject "TodoAppEnt" */;
			compatibilityVersion = "Xcode 8.0";
			developmentRegion = en;
			hasScannedForEncodings = 0;
			knownRegions = (
				en,
				Base,
			);
			mainGroup = 76FB940C204F0AD100FD95C8;
			productRefGroup = 76FB9416204F0AD100FD95C8 /* Products */;
			projectDirPath = "";
			projectRoot = "";
			targets = (
				76FB9414204F0AD100FD95C8 /* TodoAppEnt */,
				76FB9428204F0AD200FD95C8 /* TodoAppEntTests */,
				76FB9433204F0AD200FD95C8 /* TodoAppEntUITests */,
			);
		};
/* End PBXProject section */

/* Begin PBXResourcesBuildPhase section */
		76FB9413204F0AD100FD95C8 /* Resources */ = {
			isa = PBXResourcesBuildPhase;
			buildActionMask = 2147483647;
			files = (
				76FB9423204F0AD200FD95C8 /* LaunchScreen.storyboard in Resources */,
				76FB9420204F0AD200FD95C8 /* Assets.xcassets in Resources */,
				76FB941E204F0AD200FD95C8 /* Main.storyboard in Resources */,
			);
			runOnlyForDeploymentPostprocessing = 0;
		};
		76FB9427204F0AD200FD95C8 /* Resources */ = {
			isa = PBXResourcesBuildPhase;
			buildActionMask = 2147483647;
			files = (
			);
			runOnlyForDeploymentPostprocessing = 0;
		};
		76FB9432204F0AD200FD95C8 /* Resources */ = {
			isa = PBXResourcesBuildPhase;
			buildActionMask = 2147483647;
			files = (
			);
			runOnlyForDeploymentPostprocessing = 0;
		};
/* End PBXResourcesBuildPhase section */

/* Begin PBXSourcesBuildPhase section */
		76FB9411204F0AD100FD95C8 /* Sources */ = {
			isa = PBXSourcesBuildPhase;
			buildActionMask = 2147483647;
			files = (
				76FB941B204F0AD200FD95C8 /* ViewController.swift in Sources */,
				76FB9419204F0AD200FD95C8 /* AppDelegate.swift in Sources */,
			);
			runOnlyForDeploymentPostprocessing = 0;
		};
		76FB9425204F0AD200FD95C8 /* Sources */ = {
			isa = PBXSourcesBuildPhase;
			buildActionMask = 2147483647;
			files = (
				76FB942E204F0AD200FD95C8 /* TodoAppEntTests.swift in Sources */,
			);
			runOnlyForDeploymentPostprocessing = 0;
		};
		76FB9430204F0AD200FD95C8 /* Sources */ = {
			isa = PBXSourcesBuildPhase;
			buildActionMask = 2147483647;
			files = (
				76FB9439204F0AD200FD95C8 /* TodoAppEntUITests.swift in Sources */,
			);
			runOnlyForDeploymentPostprocessing = 0;
		};
/* End PBXSourcesBuildPhase section */

/* Begin PBXTargetDependency section */
		76FB942B204F0AD200FD95C8 /* PBXTargetDependency */ = {
			isa = PBXTargetDependency;
			target = 76FB9414204F0AD100FD95C8 /* TodoAppEnt */;
			targetProxy = 76FB942A204F0AD200FD95C8 /* PBXContainerItemProxy */;
		};
		76FB9436204F0AD200FD95C8 /* PBXTargetDependency */ = {
			isa = PBXTargetDependency;
			target = 76FB9414204F0AD100FD95C8 /* TodoAppEnt */;
			targetProxy = 76FB9435204F0AD200FD95C8 /* PBXContainerItemProxy */;
		};
/* End PBXTargetDependency section */

/* Begin PBXVariantGroup section */
		76FB941C204F0AD200FD95C8 /* Main.storyboard */ = {
			isa = PBXVariantGroup;
			children = (
				76FB941D204F0AD200FD95C8 /* Base */,
			);
			name = Main.storyboard;
			sourceTree = "<group>";
		};
		76FB9421204F0AD200FD95C8 /* LaunchScreen.storyboard */ = {
			isa = PBXVariantGroup;
			children = (
				76FB9422204F0AD200FD95C8 /* Base */,
			);
			name = LaunchScreen.storyboard;
			sourceTree = "<group>";
		};
/* End PBXVariantGroup section */

/* Begin XCBuildConfiguration section */
		76FB943B204F0AD200FD95C8 /* Debug */ = {
			isa = XCBuildConfiguration;
			buildSettings = {
				ALWAYS_SEARCH_USER_PATHS = NO;
				CLANG_ANALYZER_NONNULL = YES;
				CLANG_ANALYZER_NUMBER_OBJECT_CONVERSION = YES_AGGRESSIVE;
				CLANG_CXX_LANGUAGE_STANDARD = "gnu++14";
				CLANG_CXX_LIBRARY = "libc++";
				CLANG_ENABLE_MODULES = YES;
				CLANG_ENABLE_OBJC_ARC = YES;
				CLANG_WARN_BLOCK_CAPTURE_AUTORELEASING = YES;
				CLANG_WARN_BOOL_CONVERSION = YES;
				CLANG_WARN_COMMA = YES;
				CLANG_WARN_CONSTANT_CONVERSION = YES;
				CLANG_WARN_DIRECT_OBJC_ISA_USAGE = YES_ERROR;
				CLANG_WARN_DOCUMENTATION_COMMENTS = YES;
				CLANG_WARN_EMPTY_BODY = YES;
				CLANG_WARN_ENUM_CONVERSION = YES;
				CLANG_WARN_INFINITE_RECURSION = YES;
				CLANG_WARN_INT_CONVERSION = YES;
				CLANG_WARN_NON_LITERAL_NULL_CONVERSION = YES;
				CLANG_WARN_OBJC_LITERAL_CONVERSION = YES;
				CLANG_WARN_OBJC_ROOT_CLASS = YES_ERROR;
				CLANG_WARN_RANGE_LOOP_ANALYSIS = YES;
				CLANG_WARN_STRICT_PROTOTYPES = YES;
				CLANG_WARN_SUSPICIOUS_MOVE = YES;
				CLANG_WARN_UNGUARDED_AVAILABILITY = YES_AGGRESSIVE;
				CLANG_WARN_UNREACHABLE_CODE = YES;
				CLANG_WARN__DUPLICATE_METHOD_MATCH = YES;
				CODE_SIGN_IDENTITY = "iPhone Developer";
				COPY_PHASE_STRIP = NO;
				DEBUG_INFORMATION_FORMAT = dwarf;
				ENABLE_STRICT_OBJC_MSGSEND = YES;
				ENABLE_TESTABILITY = YES;
				GCC_C_LANGUAGE_STANDARD = gnu11;
				GCC_DYNAMIC_NO_PIC = NO;
				GCC_NO_COMMON_BLOCKS = YES;
				GCC_OPTIMIZATION_LEVEL = 0;
				GCC_PREPROCESSOR_DEFINITIONS = (
					"DEBUG=1",
					"$(inherited)",
				);
				GCC_WARN_64_TO_32_BIT_CONVERSION = YES;
				GCC_WARN_ABOUT_RETURN_TYPE = YES_ERROR;
				GCC_WARN_UNDECLARED_SELECTOR = YES;
				GCC_WARN_UNINITIALIZED_AUTOS = YES_AGGRESSIVE;
				GCC_WARN_UNUSED_FUNCTION = YES;
				GCC_WARN_UNUSED_VARIABLE = YES;
				IPHONEOS_DEPLOYMENT_TARGET = 11.2;
				MTL_ENABLE_DEBUG_INFO = YES;
				ONLY_ACTIVE_ARCH = YES;
				SDKROOT = iphoneos;
				SWIFT_ACTIVE_COMPILATION_CONDITIONS = DEBUG;
				SWIFT_OPTIMIZATION_LEVEL = "-Onone";
			};
			name = Debug;
		};
		76FB943C204F0AD200FD95C8 /* Release */ = {
			isa = XCBuildConfiguration;
			buildSettings = {
				ALWAYS_SEARCH_USER_PATHS = NO;
				CLANG_ANALYZER_NONNULL = YES;
				CLANG_ANALYZER_NUMBER_OBJECT_CONVERSION = YES_AGGRESSIVE;
				CLANG_CXX_LANGUAGE_STANDARD = "gnu++14";
				CLANG_CXX_LIBRARY = "libc++";
				CLANG_ENABLE_MODULES = YES;
				CLANG_ENABLE_OBJC_ARC = YES;
				CLANG_WARN_BLOCK_CAPTURE_AUTORELEASING = YES;
				CLANG_WARN_BOOL_CONVERSION = YES;
				CLANG_WARN_COMMA = YES;
				CLANG_WARN_CONSTANT_CONVERSION = YES;
				CLANG_WARN_DIRECT_OBJC_ISA_USAGE = YES_ERROR;
				CLANG_WARN_DOCUMENTATION_COMMENTS = YES;
				CLANG_WARN_EMPTY_BODY = YES;
				CLANG_WARN_ENUM_CONVERSION = YES;
				CLANG_WARN_INFINITE_RECURSION = YES;
				CLANG_WARN_INT_CONVERSION = YES;
				CLANG_WARN_NON_LITERAL_NULL_CONVERSION = YES;
				CLANG_WARN_OBJC_LITERAL_CONVERSION = YES;
				CLANG_WARN_OBJC_ROOT_CLASS = YES_ERROR;
				CLANG_WARN_RANGE_LOOP_ANALYSIS = YES;
				CLANG_WARN_STRICT_PROTOTYPES = YES;
				CLANG_WARN_SUSPICIOUS_MOVE = YES;
				CLANG_WARN_UNGUARDED_AVAILABILITY = YES_AGGRESSIVE;
				CLANG_WARN_UNREACHABLE_CODE = YES;
				CLANG_WARN__DUPLICATE_METHOD_MATCH = YES;
				CODE_SIGN_IDENTITY = "iPhone Developer";
				COPY_PHASE_STRIP = NO;
				DEBUG_INFORMATION_FORMAT = "dwarf-with-dsym";
				ENABLE_NS_ASSERTIONS = NO;
				ENABLE_STRICT_OBJC_MSGSEND = YES;
				GCC_C_LANGUAGE_STANDARD = gnu11;
				GCC_NO_COMMON_BLOCKS = YES;
				GCC_WARN_64_TO_32_BIT_CONVERSION = YES;
				GCC_WARN_ABOUT_RETURN_TYPE = YES_ERROR;
				GCC_WARN_UNDECLARED_SELECTOR = YES;
				GCC_WARN_UNINITIALIZED_AUTOS = YES_AGGRESSIVE;
				GCC_WARN_UNUSED_FUNCTION = YES;
				GCC_WARN_UNUSED_VARIABLE = YES;
				IPHONEOS_DEPLOYMENT_TARGET = 11.2;
				MTL_ENABLE_DEBUG_INFO = NO;
				SDKROOT = iphoneos;
				SWIFT_OPTIMIZATION_LEVEL = "-Owholemodule";
				VALIDATE_PRODUCT = YES;
			};
			name = Release;
		};
		76FB943E204F0AD200FD95C8 /* Debug */ = {
			isa = XCBuildConfiguration;
			buildSettings = {
				ASSETCATALOG_COMPILER_APPICON_NAME = AppIcon;
				CODE_SIGN_STYLE = Automatic;
				DEVELOPMENT_TEAM = 2L8WPWWVB6;
				INFOPLIST_FILE = TodoAppEnt/Info.plist;
				LD_RUNPATH_SEARCH_PATHS = "$(inherited) @executable_path/Frameworks";
				PRODUCT_BUNDLE_IDENTIFIER = com.mastersmx.TodoAppEnt;
				PRODUCT_NAME = "$(TARGET_NAME)";
				SWIFT_VERSION = 4.0;
				TARGETED_DEVICE_FAMILY = "1,2";
			};
			name = Debug;
		};
		76FB943F204F0AD200FD95C8 /* Release */ = {
			isa = XCBuildConfiguration;
			buildSettings = {
				ASSETCATALOG_COMPILER_APPICON_NAME = AppIcon;
				CODE_SIGN_STYLE = Automatic;
				DEVELOPMENT_TEAM = 2L8WPWWVB6;
				INFOPLIST_FILE = TodoAppEnt/Info.plist;
				LD_RUNPATH_SEARCH_PATHS = "$(inherited) @executable_path/Frameworks";
				PRODUCT_BUNDLE_IDENTIFIER = com.mastersmx.TodoAppEnt;
				PRODUCT_NAME = "$(TARGET_NAME)";
				SWIFT_VERSION = 4.0;
				TARGETED_DEVICE_FAMILY = "1,2";
			};
			name = Release;
		};
		76FB9441204F0AD200FD95C8 /* Debug */ = {
			isa = XCBuildConfiguration;
			buildSettings = {
				ALWAYS_EMBED_SWIFT_STANDARD_LIBRARIES = YES;
				BUNDLE_LOADER = "$(TEST_HOST)";
				CODE_SIGN_STYLE = Automatic;
				DEVELOPMENT_TEAM = 2L8WPWWVB6;
				INFOPLIST_FILE = TodoAppEntTests/Info.plist;
				LD_RUNPATH_SEARCH_PATHS = "$(inherited) @executable_path/Frameworks @loader_path/Frameworks";
				PRODUCT_BUNDLE_IDENTIFIER = com.mastersmx.TodoAppEntTests;
				PRODUCT_NAME = "$(TARGET_NAME)";
				SWIFT_VERSION = 4.0;
				TARGETED_DEVICE_FAMILY = "1,2";
				TEST_HOST = "$(BUILT_PRODUCTS_DIR)/TodoAppEnt.app/TodoAppEnt";
			};
			name = Debug;
		};
		76FB9442204F0AD200FD95C8 /* Release */ = {
			isa = XCBuildConfiguration;
			buildSettings = {
				ALWAYS_EMBED_SWIFT_STANDARD_LIBRARIES = YES;
				BUNDLE_LOADER = "$(TEST_HOST)";
				CODE_SIGN_STYLE = Automatic;
				DEVELOPMENT_TEAM = 2L8WPWWVB6;
				INFOPLIST_FILE = TodoAppEntTests/Info.plist;
				LD_RUNPATH_SEARCH_PATHS = "$(inherited) @executable_path/Frameworks @loader_path/Frameworks";
				PRODUCT_BUNDLE_IDENTIFIER = com.mastersmx.TodoAppEntTests;
				PRODUCT_NAME = "$(TARGET_NAME)";
				SWIFT_VERSION = 4.0;
				TARGETED_DEVICE_FAMILY = "1,2";
				TEST_HOST = "$(BUILT_PRODUCTS_DIR)/TodoAppEnt.app/TodoAppEnt";
			};
			name = Release;
		};
		76FB9444204F0AD200FD95C8 /* Debug */ = {
			isa = XCBuildConfiguration;
			buildSettings = {
				ALWAYS_EMBED_SWIFT_STANDARD_LIBRARIES = YES;
				CODE_SIGN_STYLE = Automatic;
				DEVELOPMENT_TEAM = 2L8WPWWVB6;
				INFOPLIST_FILE = TodoAppEntUITests/Info.plist;
				LD_RUNPATH_SEARCH_PATHS = "$(inherited) @executable_path/Frameworks @loader_path/Frameworks";
				PRODUCT_BUNDLE_IDENTIFIER = com.mastersmx.TodoAppEntUITests;
				PRODUCT_NAME = "$(TARGET_NAME)";
				SWIFT_VERSION = 4.0;
				TARGETED_DEVICE_FAMILY = "1,2";
				TEST_TARGET_NAME = TodoAppEnt;
			};
			name = Debug;
		};
		76FB9445204F0AD200FD95C8 /* Release */ = {
			isa = XCBuildConfiguration;
			buildSettings = {
				ALWAYS_EMBED_SWIFT_STANDARD_LIBRARIES = YES;
				CODE_SIGN_STYLE = Automatic;
				DEVELOPMENT_TEAM = 2L8WPWWVB6;
				INFOPLIST_FILE = TodoAppEntUITests/Info.plist;
				LD_RUNPATH_SEARCH_PATHS = "$(inherited) @executable_path/Frameworks @loader_path/Frameworks";
				PRODUCT_BUNDLE_IDENTIFIER = com.mastersmx.TodoAppEntUITests;
				PRODUCT_NAME = "$(TARGET_NAME)";
				SWIFT_VERSION = 4.0;
				TARGETED_DEVICE_FAMILY = "1,2";
				TEST_TARGET_NAME = TodoAppEnt;
			};
			name = Release;
		};
/* End XCBuildConfiguration section */

/* Begin XCConfigurationList section */
		76FB9410204F0AD100FD95C8 /* Build configuration list for PBXProject "TodoAppEnt" */ = {
			isa = XCConfigurationList;
			buildConfigurations = (
				76FB943B204F0AD200FD95C8 /* Debug */,
				76FB943C204F0AD200FD95C8 /* Release */,
			);
			defaultConfigurationIsVisible = 0;
			defaultConfigurationName = Release;
		};
		76FB943D204F0AD200FD95C8 /* Build configuration list for PBXNativeTarget "TodoAppEnt" */ = {
			isa = XCConfigurationList;
			buildConfigurations = (
				76FB943E204F0AD200FD95C8 /* Debug */,
				76FB943F204F0AD200FD95C8 /* Release */,
			);
			defaultConfigurationIsVisible = 0;
			defaultConfigurationName = Release;
		};
		76FB9440204F0AD200FD95C8 /* Build configuration list for PBXNativeTarget "TodoAppEntTests" */ = {
			isa = XCConfigurationList;
			buildConfigurations = (
				76FB9441204F0AD200FD95C8 /* Debug */,
				76FB9442204F0AD200FD95C8 /* Release */,
			);
			defaultConfigurationIsVisible = 0;
			defaultConfigurationName = Release;
		};
		76FB9443204F0AD200FD95C8 /* Build configuration list for PBXNativeTarget "TodoAppEntUITests" */ = {
			isa = XCConfigurationList;
			buildConfigurations = (
				76FB9444204F0AD200FD95C8 /* Debug */,
				76FB9445204F0AD200FD95C8 /* Release */,
			);
			defaultConfigurationIsVisible = 0;
			defaultConfigurationName = Release;
		};
/* End XCConfigurationList section */
	};
	rootObject = 76FB940D204F0AD100FD95C8 /* Project object */;
}
